
Microsoft Visual Studio Solution File, Format Version 12.00
# Visual Studio Version 17
VisualStudioVersion = 17.0.31903.59
MinimumVisualStudioVersion = 10.0.40219.1
Project("{FAE04EC0-301F-11D3-BF4B-00C04F79EFBC}") = "Auth", "Auth\Auth.csproj", "{AFD6FB0D-C66F-4C04-A70F-2C780C72F98B}"
EndProject
Project("{FAE04EC0-301F-11D3-BF4B-00C04F79EFBC}") = "EventManagement", "EventManagement\EventManagement.csproj", "{2787FF8A-95A3-4641-BFB8-D13F8B35A922}"
EndProject
Project("{FAE04EC0-301F-11D3-BF4B-00C04F79EFBC}") = "Common", "Common\Common.csproj", "{DFBD54D6-3EE5-4737-9DD9-8CAD2A083A24}"
EndProject
Global
	GlobalSection(SolutionConfigurationPlatforms) = preSolution
		Debug|Any CPU = Debug|Any CPU
		Debug|x64 = Debug|x64
		Debug|x86 = Debug|x86
		Release|Any CPU = Release|Any CPU
		Release|x64 = Release|x64
		Release|x86 = Release|x86
	EndGlobalSection
	GlobalSection(ProjectConfigurationPlatforms) = postSolution
		{AFD6FB0D-C66F-4C04-A70F-2C780C72F98B}.Debug|Any CPU.ActiveCfg = Debug|Any CPU
		{AFD6FB0D-C66F-4C04-A70F-2C780C72F98B}.Debug|Any CPU.Build.0 = Debug|Any CPU
		{AFD6FB0D-C66F-4C04-A70F-2C780C72F98B}.Debug|x64.ActiveCfg = Debug|Any CPU
		{AFD6FB0D-C66F-4C04-A70F-2C780C72F98B}.Debug|x64.Build.0 = Debug|Any CPU
		{AFD6FB0D-C66F-4C04-A70F-2C780C72F98B}.Debug|x86.ActiveCfg = Debug|Any CPU
		{AFD6FB0D-C66F-4C04-A70F-2C780C72F98B}.Debug|x86.Build.0 = Debug|Any CPU
		{AFD6FB0D-C66F-4C04-A70F-2C780C72F98B}.Release|Any CPU.ActiveCfg = Release|Any CPU
		{AFD6FB0D-C66F-4C04-A70F-2C780C72F98B}.Release|Any CPU.Build.0 = Release|Any CPU
		{AFD6FB0D-C66F-4C04-A70F-2C780C72F98B}.Release|x64.ActiveCfg = Release|Any CPU
		{AFD6FB0D-C66F-4C04-A70F-2C780C72F98B}.Release|x64.Build.0 = Release|Any CPU
		{AFD6FB0D-C66F-4C04-A70F-2C780C72F98B}.Release|x86.ActiveCfg = Release|Any CPU
		{AFD6FB0D-C66F-4C04-A70F-2C780C72F98B}.Release|x86.Build.0 = Release|Any CPU
		{2787FF8A-95A3-4641-BFB8-D13F8B35A922}.Debug|Any CPU.ActiveCfg = Debug|Any CPU
		{2787FF8A-95A3-4641-BFB8-D13F8B35A922}.Debug|Any CPU.Build.0 = Debug|Any CPU
		{2787FF8A-95A3-4641-BFB8-D13F8B35A922}.Debug|x64.ActiveCfg = Debug|Any CPU
		{2787FF8A-95A3-4641-BFB8-D13F8B35A922}.Debug|x64.Build.0 = Debug|Any CPU
		{2787FF8A-95A3-4641-BFB8-D13F8B35A922}.Debug|x86.ActiveCfg = Debug|Any CPU
		{2787FF8A-95A3-4641-BFB8-D13F8B35A922}.Debug|x86.Build.0 = Debug|Any CPU
		{2787FF8A-95A3-4641-BFB8-D13F8B35A922}.Release|Any CPU.ActiveCfg = Release|Any CPU
		{2787FF8A-95A3-4641-BFB8-D13F8B35A922}.Release|Any CPU.Build.0 = Release|Any CPU
		{2787FF8A-95A3-4641-BFB8-D13F8B35A922}.Release|x64.ActiveCfg = Release|Any CPU
		{2787FF8A-95A3-4641-BFB8-D13F8B35A922}.Release|x64.Build.0 = Release|Any CPU
		{2787FF8A-95A3-4641-BFB8-D13F8B35A922}.Release|x86.ActiveCfg = Release|Any CPU
		{2787FF8A-95A3-4641-BFB8-D13F8B35A922}.Release|x86.Build.0 = Release|Any CPU
		{DFBD54D6-3EE5-4737-9DD9-8CAD2A083A24}.Debug|Any CPU.ActiveCfg = Debug|Any CPU
		{DFBD54D6-3EE5-4737-9DD9-8CAD2A083A24}.Debug|Any CPU.Build.0 = Debug|Any CPU
		{DFBD54D6-3EE5-4737-9DD9-8CAD2A083A24}.Debug|x64.ActiveCfg = Debug|Any CPU
		{DFBD54D6-3EE5-4737-9DD9-8CAD2A083A24}.Debug|x64.Build.0 = Debug|Any CPU
		{DFBD54D6-3EE5-4737-9DD9-8CAD2A083A24}.Debug|x86.ActiveCfg = Debug|Any CPU
		{DFBD54D6-3EE5-4737-9DD9-8CAD2A083A24}.Debug|x86.Build.0 = Debug|Any CPU
		{DFBD54D6-3EE5-4737-9DD9-8CAD2A083A24}.Release|Any CPU.ActiveCfg = Release|Any CPU
		{DFBD54D6-3EE5-4737-9DD9-8CAD2A083A24}.Release|Any CPU.Build.0 = Release|Any CPU
		{DFBD54D6-3EE5-4737-9DD9-8CAD2A083A24}.Release|x64.ActiveCfg = Release|Any CPU
		{DFBD54D6-3EE5-4737-9DD9-8CAD2A083A24}.Release|x64.Build.0 = Release|Any CPU
		{DFBD54D6-3EE5-4737-9DD9-8CAD2A083A24}.Release|x86.ActiveCfg = Release|Any CPU
		{DFBD54D6-3EE5-4737-9DD9-8CAD2A083A24}.Release|x86.Build.0 = Release|Any CPU
	EndGlobalSection
	GlobalSection(SolutionProperties) = preSolution
		HideSolutionNode = FALSE
	EndGlobalSection
EndGlobal
